// !$*UTF8*$!
{
	archiveVersion = 1;
	classes = {
	};
	objectVersion = 50;
	objects = {

/* Begin PBXBuildFile section */
		3306A2F020D425C9003BE85D /* FlowerData.swift in Sources */ = {isa = PBXBuildFile; fileRef = 3306A2EF20D425C9003BE85D /* FlowerData.swift */; };
		3378E54F20D2DE710092C207 /* AppDelegate.swift in Sources */ = {isa = PBXBuildFile; fileRef = 3378E54E20D2DE710092C207 /* AppDelegate.swift */; };
		3378E55120D2DE710092C207 /* ViewController.swift in Sources */ = {isa = PBXBuildFile; fileRef = 3378E55020D2DE710092C207 /* ViewController.swift */; };
		3378E55420D2DE710092C207 /* Main.storyboard in Resources */ = {isa = PBXBuildFile; fileRef = 3378E55220D2DE710092C207 /* Main.storyboard */; };
		3378E55620D2DE730092C207 /* Assets.xcassets in Resources */ = {isa = PBXBuildFile; fileRef = 3378E55520D2DE730092C207 /* Assets.xcassets */; };
		3378E55920D2DE730092C207 /* LaunchScreen.storyboard in Resources */ = {isa = PBXBuildFile; fileRef = 3378E55720D2DE730092C207 /* LaunchScreen.storyboard */; };
		33878BB420D3116B004F66F2 /* DataService.swift in Sources */ = {isa = PBXBuildFile; fileRef = 33878BB320D3116B004F66F2 /* DataService.swift */; };
		339F5EB820D47CDB00717685 /* FlowerClassifier.mlmodel in Sources */ = {isa = PBXBuildFile; fileRef = 339F5EB720D47CDB00717685 /* FlowerClassifier.mlmodel */; };
		33EB3C7220D454F1000F11BD /* ImageDetection.swift in Sources */ = {isa = PBXBuildFile; fileRef = 33EB3C7120D454F1000F11BD /* ImageDetection.swift */; };
		FDBC8DF875BDD90362B7494E /* Pods_WhatFlower.framework in Frameworks */ = {isa = PBXBuildFile; fileRef = CB7B1157986FFDA7519DE5CC /* Pods_WhatFlower.framework */; };
/* End PBXBuildFile section */

/* Begin PBXFileReference section */
		3306A2EF20D425C9003BE85D /* FlowerData.swift */ = {isa = PBXFileReference; lastKnownFileType = sourcecode.swift; path = FlowerData.swift; sourceTree = "<group>"; };
		3378E54B20D2DE710092C207 /* WhatFlower.app */ = {isa = PBXFileReference; explicitFileType = wrapper.application; includeInIndex = 0; path = WhatFlower.app; sourceTree = BUILT_PRODUCTS_DIR; };
		3378E54E20D2DE710092C207 /* AppDelegate.swift */ = {isa = PBXFileReference; lastKnownFileType = sourcecode.swift; path = AppDelegate.swift; sourceTree = "<group>"; };
		3378E55020D2DE710092C207 /* ViewController.swift */ = {isa = PBXFileReference; lastKnownFileType = sourcecode.swift; path = ViewController.swift; sourceTree = "<group>"; };
		3378E55320D2DE710092C207 /* Base */ = {isa = PBXFileReference; lastKnownFileType = file.storyboard; name = Base; path = Base.lproj/Main.storyboard; sourceTree = "<group>"; };
		3378E55520D2DE730092C207 /* Assets.xcassets */ = {isa = PBXFileReference; lastKnownFileType = folder.assetcatalog; path = Assets.xcassets; sourceTree = "<group>"; };
		3378E55820D2DE730092C207 /* Base */ = {isa = PBXFileReference; lastKnownFileType = file.storyboard; name = Base; path = Base.lproj/LaunchScreen.storyboard; sourceTree = "<group>"; };
		3378E55A20D2DE730092C207 /* Info.plist */ = {isa = PBXFileReference; lastKnownFileType = text.plist.xml; path = Info.plist; sourceTree = "<group>"; };
		33878BB320D3116B004F66F2 /* DataService.swift */ = {isa = PBXFileReference; lastKnownFileType = sourcecode.swift; path = DataService.swift; sourceTree = "<group>"; };
		339F5EB720D47CDB00717685 /* FlowerClassifier.mlmodel */ = {isa = PBXFileReference; lastKnownFileType = file.mlmodel; path = FlowerClassifier.mlmodel; sourceTree = "<group>"; };
		33EB3C7120D454F1000F11BD /* ImageDetection.swift */ = {isa = PBXFileReference; lastKnownFileType = sourcecode.swift; path = ImageDetection.swift; sourceTree = "<group>"; };
		6C808396A8186F284847A64F /* Pods-WhatFlower.debug.xcconfig */ = {isa = PBXFileReference; includeInIndex = 1; lastKnownFileType = text.xcconfig; name = "Pods-WhatFlower.debug.xcconfig"; path = "Pods/Target Support Files/Pods-WhatFlower/Pods-WhatFlower.debug.xcconfig"; sourceTree = "<group>"; };
		BC8E1EEB95C33F153FD08893 /* Pods-WhatFlower.release.xcconfig */ = {isa = PBXFileReference; includeInIndex = 1; lastKnownFileType = text.xcconfig; name = "Pods-WhatFlower.release.xcconfig"; path = "Pods/Target Support Files/Pods-WhatFlower/Pods-WhatFlower.release.xcconfig"; sourceTree = "<group>"; };
		CB7B1157986FFDA7519DE5CC /* Pods_WhatFlower.framework */ = {isa = PBXFileReference; explicitFileType = wrapper.framework; includeInIndex = 0; path = Pods_WhatFlower.framework; sourceTree = BUILT_PRODUCTS_DIR; };
/* End PBXFileReference section */

/* Begin PBXFrameworksBuildPhase section */
		3378E54820D2DE710092C207 /* Frameworks */ = {
			isa = PBXFrameworksBuildPhase;
			buildActionMask = 2147483647;
			files = (
				FDBC8DF875BDD90362B7494E /* Pods_WhatFlower.framework in Frameworks */,
			);
			runOnlyForDeploymentPostprocessing = 0;
		};
/* End PBXFrameworksBuildPhase section */

/* Begin PBXGroup section */
		2515079EB5B29A69212BB404 /* Pods */ = {
			isa = PBXGroup;
			children = (
				6C808396A8186F284847A64F /* Pods-WhatFlower.debug.xcconfig */,
				BC8E1EEB95C33F153FD08893 /* Pods-WhatFlower.release.xcconfig */,
			);
			name = Pods;
			sourceTree = "<group>";
		};
		322A6192EEF13A5DB871F301 /* Frameworks */ = {
			isa = PBXGroup;
			children = (
				CB7B1157986FFDA7519DE5CC /* Pods_WhatFlower.framework */,
			);
			name = Frameworks;
			sourceTree = "<group>";
		};
		3306A2F120D425CE003BE85D /* Model */ = {
			isa = PBXGroup;
			children = (
				3306A2EF20D425C9003BE85D /* FlowerData.swift */,
				33EB3C7120D454F1000F11BD /* ImageDetection.swift */,
			);
			path = Model;
			sourceTree = "<group>";
		};
		3306A2F220D425D3003BE85D /* Controller */ = {
			isa = PBXGroup;
			children = (
				3378E55020D2DE710092C207 /* ViewController.swift */,
			);
			path = Controller;
			sourceTree = "<group>";
		};
		3306A2F320D425DA003BE85D /* Service */ = {
			isa = PBXGroup;
			children = (
				33878BB320D3116B004F66F2 /* DataService.swift */,
			);
			path = Service;
			sourceTree = "<group>";
		};
		3378E54220D2DE710092C207 = {
			isa = PBXGroup;
			children = (
				3378E54D20D2DE710092C207 /* WhatFlower */,
				3378E54C20D2DE710092C207 /* Products */,
				2515079EB5B29A69212BB404 /* Pods */,
				322A6192EEF13A5DB871F301 /* Frameworks */,
			);
			sourceTree = "<group>";
		};
		3378E54C20D2DE710092C207 /* Products */ = {
			isa = PBXGroup;
			children = (
				3378E54B20D2DE710092C207 /* WhatFlower.app */,
			);
			name = Products;
			sourceTree = "<group>";
		};
		3378E54D20D2DE710092C207 /* WhatFlower */ = {
			isa = PBXGroup;
			children = (
				339F5EB720D47CDB00717685 /* FlowerClassifier.mlmodel */,
				3306A2F320D425DA003BE85D /* Service */,
				3306A2F120D425CE003BE85D /* Model */,
				3306A2F220D425D3003BE85D /* Controller */,
				3378E55220D2DE710092C207 /* Main.storyboard */,
				3378E55A20D2DE730092C207 /* Info.plist */,
				3378E56220D2DFDA0092C207 /* Supporting Files */,
			);
			path = WhatFlower;
			sourceTree = "<group>";
		};
		3378E56220D2DFDA0092C207 /* Supporting Files */ = {
			isa = PBXGroup;
			children = (
				3378E54E20D2DE710092C207 /* AppDelegate.swift */,
				3378E55720D2DE730092C207 /* LaunchScreen.storyboard */,
				3378E55520D2DE730092C207 /* Assets.xcassets */,
			);
			path = "Supporting Files";
			sourceTree = "<group>";
		};
/* End PBXGroup section */

/* Begin PBXNativeTarget section */
		3378E54A20D2DE710092C207 /* WhatFlower */ = {
			isa = PBXNativeTarget;
			buildConfigurationList = 3378E55D20D2DE730092C207 /* Build configuration list for PBXNativeTarget "WhatFlower" */;
			buildPhases = (
				7C336B7ACC5096868D570886 /* [CP] Check Pods Manifest.lock */,
				3378E54720D2DE710092C207 /* Sources */,
				3378E54820D2DE710092C207 /* Frameworks */,
				3378E54920D2DE710092C207 /* Resources */,
				79403BC782B426285C377ECB /* [CP] Embed Pods Frameworks */,
			);
			buildRules = (
			);
			dependencies = (
			);
			name = WhatFlower;
			productName = WhatFlower;
			productReference = 3378E54B20D2DE710092C207 /* WhatFlower.app */;
			productType = "com.apple.product-type.application";
		};
/* End PBXNativeTarget section */

/* Begin PBXProject section */
		3378E54320D2DE710092C207 /* Project object */ = {
			isa = PBXProject;
			attributes = {
				LastSwiftUpdateCheck = 0940;
				LastUpgradeCheck = 0940;
				ORGANIZATIONNAME = "Shruti Sharma";
				TargetAttributes = {
					3378E54A20D2DE710092C207 = {
						CreatedOnToolsVersion = 9.4;
					};
				};
			};
			buildConfigurationList = 3378E54620D2DE710092C207 /* Build configuration list for PBXProject "WhatFlower" */;
			compatibilityVersion = "Xcode 9.3";
			developmentRegion = en;
			hasScannedForEncodings = 0;
			knownRegions = (
				en,
				Base,
			);
			mainGroup = 3378E54220D2DE710092C207;
			productRefGroup = 3378E54C20D2DE710092C207 /* Products */;
			projectDirPath = "";
			projectRoot = "";
			targets = (
				3378E54A20D2DE710092C207 /* WhatFlower */,
			);
		};
/* End PBXProject section */

/* Begin PBXResourcesBuildPhase section */
		3378E54920D2DE710092C207 /* Resources */ = {
			isa = PBXResourcesBuildPhase;
			buildActionMask = 2147483647;
			files = (
				3378E55920D2DE730092C207 /* LaunchScreen.storyboard in Resources */,
				3378E55620D2DE730092C207 /* Assets.xcassets in Resources */,
				3378E55420D2DE710092C207 /* Main.storyboard in Resources */,
			);
			runOnlyForDeploymentPostprocessing = 0;
		};
/* End PBXResourcesBuildPhase section */

/* Begin PBXShellScriptBuildPhase section */
		79403BC782B426285C377ECB /* [CP] Embed Pods Frameworks */ = {
			isa = PBXShellScriptBuildPhase;
			buildActionMask = 2147483647;
			files = (
			);
			inputPaths = (
				"${SRCROOT}/Pods/Target Support Files/Pods-WhatFlower/Pods-WhatFlower-frameworks.sh",
				"${BUILT_PRODUCTS_DIR}/Alamofire/Alamofire.framework",
				"${BUILT_PRODUCTS_DIR}/SDWebImage/SDWebImage.framework",
				"${BUILT_PRODUCTS_DIR}/SwiftyJSON/SwiftyJSON.framework",
			);
			name = "[CP] Embed Pods Frameworks";
			outputPaths = (
				"${TARGET_BUILD_DIR}/${FRAMEWORKS_FOLDER_PATH}/Alamofire.framework",
				"${TARGET_BUILD_DIR}/${FRAMEWORKS_FOLDER_PATH}/SDWebImage.framework",
				"${TARGET_BUILD_DIR}/${FRAMEWORKS_FOLDER_PATH}/SwiftyJSON.framework",
			);
			runOnlyForDeploymentPostprocessing = 0;
			shellPath = /bin/sh;
			shellScript = "\"${SRCROOT}/Pods/Target Support Files/Pods-WhatFlower/Pods-WhatFlower-frameworks.sh\"\n";
			showEnvVarsInLog = 0;
		};
		7C336B7ACC5096868D570886 /* [CP] Check Pods Manifest.lock */ = {
			isa = PBXShellScriptBuildPhase;
			buildActionMask = 2147483647;
			files = (
			);
			inputPaths = (
				"${PODS_PODFILE_DIR_PATH}/Podfile.lock",
				"${PODS_ROOT}/Manifest.lock",
			);
			name = "[CP] Check Pods Manifest.lock";
			outputPaths = (
				"$(DERIVED_FILE_DIR)/Pods-WhatFlower-checkManifestLockResult.txt",
			);
			runOnlyForDeploymentPostprocessing = 0;
			shellPath = /bin/sh;
			shellScript = "diff \"${PODS_PODFILE_DIR_PATH}/Podfile.lock\" \"${PODS_ROOT}/Manifest.lock\" > /dev/null\nif [ $? != 0 ] ; then\n    # print error to STDERR\n    echo \"error: The sandbox is not in sync with the Podfile.lock. Run 'pod install' or update your CocoaPods installation.\" >&2\n    exit 1\nfi\n# This output is used by Xcode 'outputs' to avoid re-running this script phase.\necho \"SUCCESS\" > \"${SCRIPT_OUTPUT_FILE_0}\"\n";
			showEnvVarsInLog = 0;
		};
/* End PBXShellScriptBuildPhase section */

/* Begin PBXSourcesBuildPhase section */
		3378E54720D2DE710092C207 /* Sources */ = {
			isa = PBXSourcesBuildPhase;
			buildActionMask = 2147483647;
			files = (
				339F5EB820D47CDB00717685 /* FlowerClassifier.mlmodel in Sources */,
				3306A2F020D425C9003BE85D /* FlowerData.swift in Sources */,
				3378E55120D2DE710092C207 /* ViewController.swift in Sources */,
				3378E54F20D2DE710092C207 /* AppDelegate.swift in Sources */,
				33878BB420D3116B004F66F2 /* DataService.swift in Sources */,
				33EB3C7220D454F1000F11BD /* ImageDetection.swift in Sources */,
			);
			runOnlyForDeploymentPostprocessing = 0;
		};
/* End PBXSourcesBuildPhase section */

/* Begin PBXVariantGroup section */
		3378E55220D2DE710092C207 /* Main.storyboard */ = {
			isa = PBXVariantGroup;
			children = (
				3378E55320D2DE710092C207 /* Base */,
			);
			name = Main.storyboard;
			sourceTree = "<group>";
		};
		3378E55720D2DE730092C207 /* LaunchScreen.storyboard */ = {
			isa = PBXVariantGroup;
			children = (
				3378E55820D2DE730092C207 /* Base */,
			);
			name = LaunchScreen.storyboard;
			sourceTree = "<group>";
		};
/* End PBXVariantGroup section */

/* Begin XCBuildConfiguration section */
		3378E55B20D2DE730092C207 /* Debug */ = {
			isa = XCBuildConfiguration;
			buildSettings = {
				ALWAYS_SEARCH_USER_PATHS = NO;
				CLANG_ANALYZER_NONNULL = YES;
				CLANG_ANALYZER_NUMBER_OBJECT_CONVERSION = YES_AGGRESSIVE;
				CLANG_CXX_LANGUAGE_STANDARD = "gnu++14";
				CLANG_CXX_LIBRARY = "libc++";
				CLANG_ENABLE_MODULES = YES;
				CLANG_ENABLE_OBJC_ARC = YES;
				CLANG_ENABLE_OBJC_WEAK = YES;
				CLANG_WARN_BLOCK_CAPTURE_AUTORELEASING = YES;
				CLANG_WARN_BOOL_CONVERSION = YES;
				CLANG_WARN_COMMA = YES;
				CLANG_WARN_CONSTANT_CONVERSION = YES;
				CLANG_WARN_DEPRECATED_OBJC_IMPLEMENTATIONS = YES;
				CLANG_WARN_DIRECT_OBJC_ISA_USAGE = YES_ERROR;
				CLANG_WARN_DOCUMENTATION_COMMENTS = YES;
				CLANG_WARN_EMPTY_BODY = YES;
				CLANG_WARN_ENUM_CONVERSION = YES;
				CLANG_WARN_INFINITE_RECURSION = YES;
				CLANG_WARN_INT_CONVERSION = YES;
				CLANG_WARN_NON_LITERAL_NULL_CONVERSION = YES;
				CLANG_WARN_OBJC_IMPLICIT_RETAIN_SELF = YES;
				CLANG_WARN_OBJC_LITERAL_CONVERSION = YES;
				CLANG_WARN_OBJC_ROOT_CLASS = YES_ERROR;
				CLANG_WARN_RANGE_LOOP_ANALYSIS = YES;
				CLANG_WARN_STRICT_PROTOTYPES = YES;
				CLANG_WARN_SUSPICIOUS_MOVE = YES;
				CLANG_WARN_UNGUARDED_AVAILABILITY = YES_AGGRESSIVE;
				CLANG_WARN_UNREACHABLE_CODE = YES;
				CLANG_WARN__DUPLICATE_METHOD_MATCH = YES;
				CODE_SIGN_IDENTITY = "iPhone Developer";
				COPY_PHASE_STRIP = NO;
				DEBUG_INFORMATION_FORMAT = dwarf;
				ENABLE_STRICT_OBJC_MSGSEND = YES;
				ENABLE_TESTABILITY = YES;
				GCC_C_LANGUAGE_STANDARD = gnu11;
				GCC_DYNAMIC_NO_PIC = NO;
				GCC_NO_COMMON_BLOCKS = YES;
				GCC_OPTIMIZATION_LEVEL = 0;
				GCC_PREPROCESSOR_DEFINITIONS = (
					"DEBUG=1",
					"$(inherited)",
				);
				GCC_WARN_64_TO_32_BIT_CONVERSION = YES;
				GCC_WARN_ABOUT_RETURN_TYPE = YES_ERROR;
				GCC_WARN_UNDECLARED_SELECTOR = YES;
				GCC_WARN_UNINITIALIZED_AUTOS = YES_AGGRESSIVE;
				GCC_WARN_UNUSED_FUNCTION = YES;
				GCC_WARN_UNUSED_VARIABLE = YES;
				IPHONEOS_DEPLOYMENT_TARGET = 11.4;
				MTL_ENABLE_DEBUG_INFO = YES;
				ONLY_ACTIVE_ARCH = YES;
				SDKROOT = iphoneos;
				SWIFT_ACTIVE_COMPILATION_CONDITIONS = DEBUG;
				SWIFT_OPTIMIZATION_LEVEL = "-Onone";
			};
			name = Debug;
		};
		3378E55C20D2DE730092C207 /* Release */ = {
			isa = XCBuildConfiguration;
			buildSettings = {
				ALWAYS_SEARCH_USER_PATHS = NO;
				CLANG_ANALYZER_NONNULL = YES;
				CLANG_ANALYZER_NUMBER_OBJECT_CONVERSION = YES_AGGRESSIVE;
				CLANG_CXX_LANGUAGE_STANDARD = "gnu++14";
				CLANG_CXX_LIBRARY = "libc++";
				CLANG_ENABLE_MODULES = YES;
				CLANG_ENABLE_OBJC_ARC = YES;
				CLANG_ENABLE_OBJC_WEAK = YES;
				CLANG_WARN_BLOCK_CAPTURE_AUTORELEASING = YES;
				CLANG_WARN_BOOL_CONVERSION = YES;
				CLANG_WARN_COMMA = YES;
				CLANG_WARN_CONSTANT_CONVERSION = YES;
				CLANG_WARN_DEPRECATED_OBJC_IMPLEMENTATIONS = YES;
				CLANG_WARN_DIRECT_OBJC_ISA_USAGE = YES_ERROR;
				CLANG_WARN_DOCUMENTATION_COMMENTS = YES;
				CLANG_WARN_EMPTY_BODY = YES;
				CLANG_WARN_ENUM_CONVERSION = YES;
				CLANG_WARN_INFINITE_RECURSION = YES;
				CLANG_WARN_INT_CONVERSION = YES;
				CLANG_WARN_NON_LITERAL_NULL_CONVERSION = YES;
				CLANG_WARN_OBJC_IMPLICIT_RETAIN_SELF = YES;
				CLANG_WARN_OBJC_LITERAL_CONVERSION = YES;
				CLANG_WARN_OBJC_ROOT_CLASS = YES_ERROR;
				CLANG_WARN_RANGE_LOOP_ANALYSIS = YES;
				CLANG_WARN_STRICT_PROTOTYPES = YES;
				CLANG_WARN_SUSPICIOUS_MOVE = YES;
				CLANG_WARN_UNGUARDED_AVAILABILITY = YES_AGGRESSIVE;
				CLANG_WARN_UNREACHABLE_CODE = YES;
				CLANG_WARN__DUPLICATE_METHOD_MATCH = YES;
				CODE_SIGN_IDENTITY = "iPhone Developer";
				COPY_PHASE_STRIP = NO;
				DEBUG_INFORMATION_FORMAT = "dwarf-with-dsym";
				ENABLE_NS_ASSERTIONS = NO;
				ENABLE_STRICT_OBJC_MSGSEND = YES;
				GCC_C_LANGUAGE_STANDARD = gnu11;
				GCC_NO_COMMON_BLOCKS = YES;
				GCC_WARN_64_TO_32_BIT_CONVERSION = YES;
				GCC_WARN_ABOUT_RETURN_TYPE = YES_ERROR;
				GCC_WARN_UNDECLARED_SELECTOR = YES;
				GCC_WARN_UNINITIALIZED_AUTOS = YES_AGGRESSIVE;
				GCC_WARN_UNUSED_FUNCTION = YES;
				GCC_WARN_UNUSED_VARIABLE = YES;
				IPHONEOS_DEPLOYMENT_TARGET = 11.4;
				MTL_ENABLE_DEBUG_INFO = NO;
				SDKROOT = iphoneos;
				SWIFT_COMPILATION_MODE = wholemodule;
				SWIFT_OPTIMIZATION_LEVEL = "-O";
				VALIDATE_PRODUCT = YES;
			};
			name = Release;
		};
		3378E55E20D2DE730092C207 /* Debug */ = {
			isa = XCBuildConfiguration;
			baseConfigurationReference = 6C808396A8186F284847A64F /* Pods-WhatFlower.debug.xcconfig */;
			buildSettings = {
				ASSETCATALOG_COMPILER_APPICON_NAME = AppIcon;
				CODE_SIGN_STYLE = Automatic;
				DEVELOPMENT_TEAM = 7N7R2P8E43;
				INFOPLIST_FILE = WhatFlower/Info.plist;
				IPHONEOS_DEPLOYMENT_TARGET = 11.3;
				LD_RUNPATH_SEARCH_PATHS = (
					"$(inherited)",
					"@executable_path/Frameworks",
				);
				PRODUCT_BUNDLE_IDENTIFIER = com.shrutiapps.WhatFlower;
				PRODUCT_NAME = "$(TARGET_NAME)";
				SWIFT_VERSION = 4.0;
				TARGETED_DEVICE_FAMILY = "1,2";
			};
			name = Debug;
		};
		3378E55F20D2DE730092C207 /* Release */ = {
			isa = XCBuildConfiguration;
			baseConfigurationReference = BC8E1EEB95C33F153FD08893 /* Pods-WhatFlower.release.xcconfig */;
			buildSettings = {
				ASSETCATALOG_COMPILER_APPICON_NAME = AppIcon;
				CODE_SIGN_STYLE = Automatic;
				DEVELOPMENT_TEAM = 7N7R2P8E43;
				INFOPLIST_FILE = WhatFlower/Info.plist;
				IPHONEOS_DEPLOYMENT_TARGET = 11.3;
				LD_RUNPATH_SEARCH_PATHS = (
					"$(inherited)",
					"@executable_path/Frameworks",
				);
				PRODUCT_BUNDLE_IDENTIFIER = com.shrutiapps.WhatFlower;
				PRODUCT_NAME = "$(TARGET_NAME)";
				SWIFT_VERSION = 4.0;
				TARGETED_DEVICE_FAMILY = "1,2";
			};
			name = Release;
		};
/* End XCBuildConfiguration section */

/* Begin XCConfigurationList section */
		3378E54620D2DE710092C207 /* Build configuration list for PBXProject "WhatFlower" */ = {
			isa = XCConfigurationList;
			buildConfigurations = (
				3378E55B20D2DE730092C207 /* Debug */,
				3378E55C20D2DE730092C207 /* Release */,
			);
			defaultConfigurationIsVisible = 0;
			defaultConfigurationName = Release;
		};
		3378E55D20D2DE730092C207 /* Build configuration list for PBXNativeTarget "WhatFlower" */ = {
			isa = XCConfigurationList;
			buildConfigurations = (
				3378E55E20D2DE730092C207 /* Debug */,
				3378E55F20D2DE730092C207 /* Release */,
			);
			defaultConfigurationIsVisible = 0;
			defaultConfigurationName = Release;
		};
/* End XCConfigurationList section */
	};
	rootObject = 3378E54320D2DE710092C207 /* Project object */;
}
